{
  "name": "anyclaude-sdk",
  "version": "0.10.1",
  "lockfileVersion": 3,
  "requires": true,
  "packages": {
    "": {
      "name": "anyclaude-sdk",
      "version": "0.10.1",
      "license": "MIT",
      "dependencies": {
        "comlink": "^4.4.2"
      },
      "devDependencies": {
        "@types/node": "^26.0.0",
        "broadcast-channel": "^7.0.0",
        "dexie": "^4.4.4",
        "typescript": "^5.4.0"
      },
      "engines": {
        "node": ">=18"
      },
      "peerDependencies": {
        "@cloudflare/sandbox": "*",
        "@daytonaio/sdk": "*",
        "@vercel/sandbox": "*",
        "@webcontainer/api": ">=1.1.0",
        "broadcast-channel": ">=4.0.0",
        "dexie": ">=3.2.0",
        "e2b": "*"
      },
      "peerDependenciesMeta": {
        "@cloudflare/sandbox": {
          "optional": true
        },
        "@daytonaio/sdk": {
          "optional": true
        },
        "@vercel/sandbox": {
          "optional": true
        },
        "@webcontainer/api": {
          "optional": true
        },
        "broadcast-channel": {
          "optional": true
        },
        "dexie": {
          "optional": true
        },
        "e2b": {
          "optional": true
        }
      }
    },
    "node_modules/@babel/runtime": {
      "version": "7.28.6",
      "resolved": "https://registry.npmjs.org/@babel/runtime/-/runtime-7.28.6.tgz",
      "integrity": "sha512-05WQkdpL9COIMz4LjTxGpPNCdlpyimKppYNoJ5Di5EUObifl8t4tuLuUBBZEpoLYOmfvIWrsp9fCl0HoPRVTdA==",
      "dev": true,
      "license": "MIT",
      "engines": {
        "node": ">=6.9.0"
      }
    },
    "node_modules/@types/node": {
      "version": "26.0.0",
      "resolved": "https://registry.npmjs.org/@types/node/-/node-26.0.0.tgz",
      "integrity": "sha512-vf2YFi1iY9lHGwNJMs01biZFbKJkrZR1T6/MlzjhJLPdntOHLhTrDSnSVcdtvjihi4VQNlrFRIxLsDBlQpAipA==",
      "dev": true,
      "license": "MIT",
      "dependencies": {
        "undici-types": "~8.3.0"
      }
    },
    "node_modules/broadcast-channel": {
      "version": "7.3.0",
      "resolved": "https://registry.npmjs.org/broadcast-channel/-/broadcast-channel-7.3.0.tgz",
      "integrity": "sha512-UHPhLBQKfQ8OmMFMpmPfO5dRakyA1vsfiDGWTYNvChYol65tbuhivPEGgZZiuetorvExdvxaWiBy/ym1Ty08yA==",
      "dev": true,
      "license": "MIT",
      "dependencies": {
        "@babel/runtime": "7.28.6",
        "oblivious-set": "2.0.0",
        "p-queue": "6.6.2",
        "unload": "2.4.1"
      },
      "funding": {
        "url": "https://github.com/sponsors/pubkey"
      }
    },
    "node_modules/comlink": {
      "version": "4.4.2",
      "resolved": "https://registry.npmjs.org/comlink/-/comlink-4.4.2.tgz",
      "integrity": "sha512-OxGdvBmJuNKSCMO4NTl1L47VRp6xn2wG4F/2hYzB6tiCb709otOxtEYCSvK80PtjODfXXZu8ds+Nw5kVCjqd2g==",
      "license": "Apache-2.0"
    },
    "node_modules/dexie": {
      "version": "4.4.4",
      "resolved": "https://registry.npmjs.org/dexie/-/dexie-4.4.4.tgz",
      "integrity": "sha512-jIwsYI8Os2hgnqc6O49YwFDKGc5v5QjGx0wPVp543ip1F53VFAKMLthV2pQosQcVTv3eAskTWYspOx195PM0FQ==",
      "dev": true,
      "license": "Apache-2.0"
    },
    "node_modules/eventemitter3": {
      "version": "4.0.7",
      "resolved": "https://registry.npmjs.org/eventemitter3/-/eventemitter3-4.0.7.tgz",
      "integrity": "sha512-8guHBZCwKnFhYdHr2ysuRWErTwhoN2X8XELRlrRwpmfeY2jjuUN4taQMsULKUVo1K4DvZl+0pgfyoysHxvmvEw==",
      "dev": true,
      "license": "MIT"
    },
    "node_modules/oblivious-set": {
      "version": "2.0.0",
      "resolved": "https://registry.npmjs.org/oblivious-set/-/oblivious-set-2.0.0.tgz",
      "integrity": "sha512-QOUH5Xrsced9fKXaQTjWoDGKeS/Or7E2jB0FN63N4mkAO4qJdB7WR7e6qWAOHM5nk25FJ8TGjhP7DH4l6vFVLg==",
      "dev": true,
      "license": "MIT",
      "engines": {
        "node": ">=16"
      }
    },
    "node_modules/p-finally": {
      "version": "1.0.0",
      "resolved": "https://registry.npmjs.org/p-finally/-/p-finally-1.0.0.tgz",
      "integrity": "sha512-LICb2p9CB7FS+0eR1oqWnHhp0FljGLZCWBE9aix0Uye9W8LTQPwMTYVGWQWIw9RdQiDg4+epXQODwIYJtSJaow==",
      "dev": true,
      "license": "MIT",
      "engines": {
        "node": ">=4"
      }
    },
    "node_modules/p-queue": {
      "version": "6.6.2",
      "resolved": "https://registry.npmjs.org/p-queue/-/p-queue-6.6.2.tgz",
      "integrity": "sha512-RwFpb72c/BhQLEXIZ5K2e+AhgNVmIejGlTgiB9MzZ0e93GRvqZ7uSi0dvRF7/XIXDeNkra2fNHBxTyPDGySpjQ==",
      "dev": true,
      "license": "MIT",
      "dependencies": {
        "eventemitter3": "^4.0.4",
        "p-timeout": "^3.2.0"
      },
      "engines": {
        "node": ">=8"
      },
      "funding": {
        "url": "https://github.com/sponsors/sindresorhus"
      }
    },
    "node_modules/p-timeout": {
      "version": "3.2.0",
      "resolved": "https://registry.npmjs.org/p-timeout/-/p-timeout-3.2.0.tgz",
      "integrity": "sha512-rhIwUycgwwKcP9yTOOFK/AKsAopjjCakVqLHePO3CC6Mir1Z99xT+R63jZxAT5lFZLa2inS5h+ZS2GvR99/FBg==",
      "dev": true,
      "license": "MIT",
      "dependencies": {
        "p-finally": "^1.0.0"
      },
      "engines": {
        "node": ">=8"
      }
    },
    "node_modules/typescript": {
      "version": "5.9.3",
      "resolved": "https://registry.npmjs.org/typescript/-/typescript-5.9.3.tgz",
      "integrity": "sha512-jl1vZzPDinLr9eUt3J/t7V6FgNEw9QjvBPdysz9KfQDD41fQrC2Y4vKQdiaUpFT4bXlb1RHhLpp8wtm6M5TgSw==",
      "dev": true,
      "license": "Apache-2.0",
      "bin": {
        "tsc": "bin/tsc",
        "tsserver": "bin/tsserver"
      },
      "engines": {
        "node": ">=14.17"
      }
    },
    "node_modules/undici-types": {
      "version": "8.3.0",
      "resolved": "https://registry.npmjs.org/undici-types/-/undici-types-8.3.0.tgz",
      "integrity": "sha512-j375ScV60dom+YkPFIfTLcOiPxkN/buHz5GobjLhixFuANaNs3C9l4GmrWqejgXWJ7BbJcFYpTEUkS1Ge8bpZQ==",
      "dev": true,
      "license": "MIT"
    },
    "node_modules/unload": {
      "version": "2.4.1",
      "resolved": "https://registry.npmjs.org/unload/-/unload-2.4.1.tgz",
      "integrity": "sha512-IViSAm8Z3sRBYA+9wc0fLQmU9Nrxb16rcDmIiR6Y9LJSZzI7QY5QsDhqPpKOjAn0O9/kfK1TfNEMMAGPTIraPw==",
      "dev": true,
      "license": "Apache-2.0",
      "funding": {
        "url": "https://github.com/sponsors/pubkey"
      }
    }
  }
}
